{
  "requires": true,
  "lockfileVersion": 1,
  "dependencies": {
    "wez-frame-print": {
      "version": "1.0.0",
      "resolved": "https://registry.npmjs.org/wez-frame-print/-/wez-frame-print-1.0.0.tgz",
      "integrity": "sha512-2TOUnYqUl0UkeUTBkE1c+HHebgKajw6VOgtefqdU+SWcGy+vpCGGyhi5LNtd/wM9INLl7/e+Tv8fXBsi3hOMVA=="
    }
  }
}
